
Microsoft Visual Studio Solution File, Format Version 12.00
# Visual Studio 15
VisualStudioVersion = 15.0.28010.2036
MinimumVisualStudioVersion = 10.0.40219.1
Project("{FAE04EC0-301F-11D3-BF4B-00C04F79EFBC}") = "Определение Разборчивости речи при аттестации ОИ", "Определение Разборчивости речи при аттестации ОИ\Определение Разборчивости речи при аттестации ОИ.csproj", "{EE23F925-9B87-4BC9-B840-16DC32684D07}"
EndProject
Global
	GlobalSection(SolutionConfigurationPlatforms) = preSolution
		Debug|Any CPU = Debug|Any CPU
		Release|Any CPU = Release|Any CPU
	EndGlobalSection
	GlobalSection(ProjectConfigurationPlatforms) = postSolution
		{EE23F925-9B87-4BC9-B840-16DC32684D07}.Debug|Any CPU.ActiveCfg = Debug|Any CPU
		{EE23F925-9B87-4BC9-B840-16DC32684D07}.Debug|Any CPU.Build.0 = Debug|Any CPU
		{EE23F925-9B87-4BC9-B840-16DC32684D07}.Release|Any CPU.ActiveCfg = Release|Any CPU
		{EE23F925-9B87-4BC9-B840-16DC32684D07}.Release|Any CPU.Build.0 = Release|Any CPU
	EndGlobalSection
	GlobalSection(SolutionProperties) = preSolution
		HideSolutionNode = FALSE
	EndGlobalSection
	GlobalSection(ExtensibilityGlobals) = postSolution
		SolutionGuid = {BCBA8A88-9509-4E66-9674-323B5E35306D}
	EndGlobalSection
EndGlobal
